{"format_version":"1.2","terraform_version":"1.5.7","planned_values":{"outputs":{"app_configuration_connection_string":{"sensitive":true},"app_configuration_name":{"sensitive":false,"type":"string","value":"appconfig-feature-flag-poc"},"app_service_plan_name":{"sensitive":false,"type":"string","value":"asp-feature-flag-poc"},"function_app_name":{"sensitive":false,"type":"string","value":"function-feature-flag-poc"},"resource_group_name":{"sensitive":false,"type":"string","value":"rg-feature-flag-poc"},"storage_account_name":{"sensitive":false,"type":"string","value":"saflagpoc"}},"root_module":{"resources":[{"address":"azurerm_app_configuration.appconfig","mode":"managed","type":"azurerm_app_configuration","name":"appconfig","provider_name":"registry.terraform.io/hashicorp/azurerm","schema_version":0,"values":{"encryption":[],"identity":[],"local_auth_enabled":true,"location":"westeurope","name":"appconfig-feature-flag-poc","public_network_access":null,"purge_protection_enabled":false,"replica":[],"resource_group_name":"rg-feature-flag-poc","sku":"standard","soft_delete_retention_days":7,"tags":null,"timeouts":null},"sensitive_values":{"encryption":[],"identity":[],"primary_read_key":[],"primary_write_key":[],"replica":[],"secondary_read_key":[],"secondary_write_key":[]}},{"address":"azurerm_linux_function_app.function","mode":"managed","type":"azurerm_linux_function_app","name":"function","provider_name":"registry.terraform.io/hashicorp/azurerm","schema_version":1,"values":{"auth_settings":[],"auth_settings_v2":[],"backup":[],"builtin_logging_enabled":true,"client_certificate_enabled":false,"client_certificate_exclusion_paths":null,"client_certificate_mode":"Optional","connection_string":[],"content_share_force_disabled":false,"daily_memory_time_quota":0,"enabled":true,"ftp_publish_basic_authentication_enabled":true,"functions_extension_version":"~4","https_only":false,"identity":[],"location":"westeurope","name":"function-feature-flag-poc","public_network_access_enabled":true,"resource_group_name":"rg-feature-flag-poc","site_config":[{"api_definition_url":null,"api_management_api_id":null,"app_command_line":null,"app_service_logs":[],"application_insights_connection_string":null,"application_insights_key":null,"application_stack":[{"docker":[],"dotnet_version":null,"java_version":null,"node_version":"18","powershell_core_version":null,"python_version":null,"use_custom_runtime":null,"use_dotnet_isolated_runtime":false}],"container_registry_managed_identity_client_id":null,"container_registry_use_managed_identity":false,"cors":[],"ftps_state":"Disabled","health_check_path":null,"http2_enabled":false,"ip_restriction":[],"ip_restriction_default_action":"Allow","load_balancing_mode":"LeastRequests","managed_pipeline_mode":"Integrated","minimum_tls_version":"1.2","remote_debugging_enabled":false,"runtime_scale_monitoring_enabled":null,"scm_ip_restriction":[],"scm_ip_restriction_default_action":"Allow","scm_minimum_tls_version":"1.2","scm_use_main_ip_restriction":false,"use_32_bit_worker":false,"vnet_route_all_enabled":false,"websockets_enabled":false}],"sticky_settings":[],"storage_account":[],"storage_account_name":"saflagpoc","storage_key_vault_secret_id":null,"storage_uses_managed_identity":false,"tags":null,"timeouts":null,"virtual_network_subnet_id":null,"webdeploy_publish_basic_authentication_enabled":true},"sensitive_values":{"app_settings":{},"auth_settings":[],"auth_settings_v2":[],"backup":[],"connection_string":[],"identity":[],"outbound_ip_address_list":[],"possible_outbound_ip_address_list":[],"site_config":[{"app_service_logs":[],"application_stack":[{"docker":[]}],"cors":[],"default_documents":[],"ip_restriction":[],"scm_ip_restriction":[]}],"site_credential":[],"sticky_settings":[],"storage_account":[],"storage_account_access_key":true}},{"address":"azurerm_resource_group.rg","mode":"managed","type":"azurerm_resource_group","name":"rg","provider_name":"registry.terraform.io/hashicorp/azurerm","schema_version":0,"values":{"location":"westeurope","managed_by":null,"name":"rg-feature-flag-poc","tags":null,"timeouts":null},"sensitive_values":{}},{"address":"azurerm_service_plan.asp","mode":"managed","type":"azurerm_service_plan","name":"asp","provider_name":"registry.terraform.io/hashicorp/azurerm","schema_version":1,"values":{"app_service_environment_id":null,"location":"westeurope","name":"asp-feature-flag-poc","os_type":"Linux","per_site_scaling_enabled":false,"resource_group_name":"rg-feature-flag-poc","sku_name":"EP1","tags":null,"timeouts":null,"zone_balancing_enabled":null},"sensitive_values":{}},{"address":"azurerm_storage_account.sa","mode":"managed","type":"azurerm_storage_account","name":"sa","provider_name":"registry.terraform.io/hashicorp/azurerm","schema_version":4,"values":{"account_kind":"StorageV2","account_replication_type":"LRS","account_tier":"Standard","allow_nested_items_to_be_public":true,"allowed_copy_scope":null,"azure_files_authentication":[],"cross_tenant_replication_enabled":true,"custom_domain":[],"customer_managed_key":[],"default_to_oauth_authentication":false,"dns_endpoint_type":"Standard","edge_zone":null,"enable_https_traffic_only":true,"identity":[],"immutability_policy":[],"infrastructure_encryption_enabled":false,"is_hns_enabled":false,"local_user_enabled":true,"location":"westeurope","min_tls_version":"TLS1_2","name":"saflagpoc","nfsv3_enabled":false,"public_network_access_enabled":true,"queue_encryption_key_type":"Service","resource_group_name":"rg-feature-flag-poc","sas_policy":[],"sftp_enabled":false,"shared_access_key_enabled":true,"static_website":[],"table_encryption_key_type":"Service","tags":null,"timeouts":null},"sensitive_values":{"azure_files_authentication":[],"blob_properties":[],"custom_domain":[],"customer_managed_key":[],"identity":[],"immutability_policy":[],"network_rules":[],"queue_properties":[],"routing":[],"sas_policy":[],"share_properties":[],"static_website":[]}}]}},"resource_changes":[{"address":"azurerm_app_configuration.appconfig","mode":"managed","type":"azurerm_app_configuration","name":"appconfig","provider_name":"registry.terraform.io/hashicorp/azurerm","change":{"actions":["create"],"before":null,"after":{"encryption":[],"identity":[],"local_auth_enabled":true,"location":"westeurope","name":"appconfig-feature-flag-poc","public_network_access":null,"purge_protection_enabled":false,"replica":[],"resource_group_name":"rg-feature-flag-poc","sku":"standard","soft_delete_retention_days":7,"tags":null,"timeouts":null},"after_unknown":{"encryption":[],"endpoint":true,"id":true,"identity":[],"primary_read_key":true,"primary_write_key":true,"replica":[],"secondary_read_key":true,"secondary_write_key":true},"before_sensitive":false,"after_sensitive":{"encryption":[],"identity":[],"primary_read_key":[],"primary_write_key":[],"replica":[],"secondary_read_key":[],"secondary_write_key":[]}}},{"address":"azurerm_linux_function_app.function","mode":"managed","type":"azurerm_linux_function_app","name":"function","provider_name":"registry.terraform.io/hashicorp/azurerm","change":{"actions":["create"],"before":null,"after":{"auth_settings":[],"auth_settings_v2":[],"backup":[],"builtin_logging_enabled":true,"client_certificate_enabled":false,"client_certificate_exclusion_paths":null,"client_certificate_mode":"Optional","connection_string":[],"content_share_force_disabled":false,"daily_memory_time_quota":0,"enabled":true,"ftp_publish_basic_authentication_enabled":true,"functions_extension_version":"~4","https_only":false,"identity":[],"location":"westeurope","name":"function-feature-flag-poc","public_network_access_enabled":true,"resource_group_name":"rg-feature-flag-poc","site_config":[{"api_definition_url":null,"api_management_api_id":null,"app_command_line":null,"app_service_logs":[],"application_insights_connection_string":null,"application_insights_key":null,"application_stack":[{"docker":[],"dotnet_version":null,"java_version":null,"node_version":"18","powershell_core_version":null,"python_version":null,"use_custom_runtime":null,"use_dotnet_isolated_runtime":false}],"container_registry_managed_identity_client_id":null,"container_registry_use_managed_identity":false,"cors":[],"ftps_state":"Disabled","health_check_path":null,"http2_enabled":false,"ip_restriction":[],"ip_restriction_default_action":"Allow","load_balancing_mode":"LeastRequests","managed_pipeline_mode":"Integrated","minimum_tls_version":"1.2","remote_debugging_enabled":false,"runtime_scale_monitoring_enabled":null,"scm_ip_restriction":[],"scm_ip_restriction_default_action":"Allow","scm_minimum_tls_version":"1.2","scm_use_main_ip_restriction":false,"use_32_bit_worker":false,"vnet_route_all_enabled":false,"websockets_enabled":false}],"sticky_settings":[],"storage_account":[],"storage_account_name":"saflagpoc","storage_key_vault_secret_id":null,"storage_uses_managed_identity":false,"tags":null,"timeouts":null,"virtual_network_subnet_id":null,"webdeploy_publish_basic_authentication_enabled":true},"after_unknown":{"app_settings":true,"auth_settings":[],"auth_settings_v2":[],"backup":[],"connection_string":[],"custom_domain_verification_id":true,"default_hostname":true,"hosting_environment_id":true,"id":true,"identity":[],"key_vault_reference_identity_id":true,"kind":true,"outbound_ip_address_list":true,"outbound_ip_addresses":true,"possible_outbound_ip_address_list":true,"possible_outbound_ip_addresses":true,"service_plan_id":true,"site_config":[{"always_on":true,"app_scale_limit":true,"app_service_logs":[],"application_stack":[{"docker":[]}],"cors":[],"default_documents":true,"detailed_error_logging_enabled":true,"elastic_instance_minimum":true,"health_check_eviction_time_in_min":true,"ip_restriction":[],"linux_fx_version":true,"pre_warmed_instance_count":true,"remote_debugging_version":true,"scm_ip_restriction":[],"scm_type":true,"worker_count":true}],"site_credential":true,"sticky_settings":[],"storage_account":[],"storage_account_access_key":true,"zip_deploy_file":true},"before_sensitive":false,"after_sensitive":{"app_settings":{},"auth_settings":[],"auth_settings_v2":[],"backup":[],"connection_string":[],"custom_domain_verification_id":true,"identity":[],"outbound_ip_address_list":[],"possible_outbound_ip_address_list":[],"site_config":[{"app_service_logs":[],"application_insights_connection_string":true,"application_insights_key":true,"application_stack":[{"docker":[]}],"cors":[],"default_documents":[],"ip_restriction":[],"scm_ip_restriction":[]}],"site_credential":true,"sticky_settings":[],"storage_account":[],"storage_account_access_key":true}}},{"address":"azurerm_resource_group.rg","mode":"managed","type":"azurerm_resource_group","name":"rg","provider_name":"registry.terraform.io/hashicorp/azurerm","change":{"actions":["create"],"before":null,"after":{"location":"westeurope","managed_by":null,"name":"rg-feature-flag-poc","tags":null,"timeouts":null},"after_unknown":{"id":true},"before_sensitive":false,"after_sensitive":{}}},{"address":"azurerm_service_plan.asp","mode":"managed","type":"azurerm_service_plan","name":"asp","provider_name":"registry.terraform.io/hashicorp/azurerm","change":{"actions":["create"],"before":null,"after":{"app_service_environment_id":null,"location":"westeurope","name":"asp-feature-flag-poc","os_type":"Linux","per_site_scaling_enabled":false,"resource_group_name":"rg-feature-flag-poc","sku_name":"EP1","tags":null,"timeouts":null,"zone_balancing_enabled":null},"after_unknown":{"id":true,"kind":true,"maximum_elastic_worker_count":true,"reserved":true,"worker_count":true},"before_sensitive":false,"after_sensitive":{}}},{"address":"azurerm_storage_account.sa","mode":"managed","type":"azurerm_storage_account","name":"sa","provider_name":"registry.terraform.io/hashicorp/azurerm","change":{"actions":["create"],"before":null,"after":{"account_kind":"StorageV2","account_replication_type":"LRS","account_tier":"Standard","allow_nested_items_to_be_public":true,"allowed_copy_scope":null,"azure_files_authentication":[],"cross_tenant_replication_enabled":true,"custom_domain":[],"customer_managed_key":[],"default_to_oauth_authentication":false,"dns_endpoint_type":"Standard","edge_zone":null,"enable_https_traffic_only":true,"identity":[],"immutability_policy":[],"infrastructure_encryption_enabled":false,"is_hns_enabled":false,"local_user_enabled":true,"location":"westeurope","min_tls_version":"TLS1_2","name":"saflagpoc","nfsv3_enabled":false,"public_network_access_enabled":true,"queue_encryption_key_type":"Service","resource_group_name":"rg-feature-flag-poc","sas_policy":[],"sftp_enabled":false,"shared_access_key_enabled":true,"static_website":[],"table_encryption_key_type":"Service","tags":null,"timeouts":null},"after_unknown":{"access_tier":true,"azure_files_authentication":[],"blob_properties":true,"custom_domain":[],"customer_managed_key":[],"id":true,"identity":[],"immutability_policy":[],"large_file_share_enabled":true,"network_rules":true,"primary_access_key":true,"primary_blob_connection_string":true,"primary_blob_endpoint":true,"primary_blob_host":true,"primary_blob_internet_endpoint":true,"primary_blob_internet_host":true,"primary_blob_microsoft_endpoint":true,"primary_blob_microsoft_host":true,"primary_connection_string":true,"primary_dfs_endpoint":true,"primary_dfs_host":true,"primary_dfs_internet_endpoint":true,"primary_dfs_internet_host":true,"primary_dfs_microsoft_endpoint":true,"primary_dfs_microsoft_host":true,"primary_file_endpoint":true,"primary_file_host":true,"primary_file_internet_endpoint":true,"primary_file_internet_host":true,"primary_file_microsoft_endpoint":true,"primary_file_microsoft_host":true,"primary_location":true,"primary_queue_endpoint":true,"primary_queue_host":true,"primary_queue_microsoft_endpoint":true,"primary_queue_microsoft_host":true,"primary_table_endpoint":true,"primary_table_host":true,"primary_table_microsoft_endpoint":true,"primary_table_microsoft_host":true,"primary_web_endpoint":true,"primary_web_host":true,"primary_web_internet_endpoint":true,"primary_web_internet_host":true,"primary_web_microsoft_endpoint":true,"primary_web_microsoft_host":true,"queue_properties":true,"routing":true,"sas_policy":[],"secondary_access_key":true,"secondary_blob_connection_string":true,"secondary_blob_endpoint":true,"secondary_blob_host":true,"secondary_blob_internet_endpoint":true,"secondary_blob_internet_host":true,"secondary_blob_microsoft_endpoint":true,"secondary_blob_microsoft_host":true,"secondary_connection_string":true,"secondary_dfs_endpoint":true,"secondary_dfs_host":true,"secondary_dfs_internet_endpoint":true,"secondary_dfs_internet_host":true,"secondary_dfs_microsoft_endpoint":true,"secondary_dfs_microsoft_host":true,"secondary_file_endpoint":true,"secondary_file_host":true,"secondary_file_internet_endpoint":true,"secondary_file_internet_host":true,"secondary_file_microsoft_endpoint":true,"secondary_file_microsoft_host":true,"secondary_location":true,"secondary_queue_endpoint":true,"secondary_queue_host":true,"secondary_queue_microsoft_endpoint":true,"secondary_queue_microsoft_host":true,"secondary_table_endpoint":true,"secondary_table_host":true,"secondary_table_microsoft_endpoint":true,"secondary_table_microsoft_host":true,"secondary_web_endpoint":true,"secondary_web_host":true,"secondary_web_internet_endpoint":true,"secondary_web_internet_host":true,"secondary_web_microsoft_endpoint":true,"secondary_web_microsoft_host":true,"share_properties":true,"static_website":[]},"before_sensitive":false,"after_sensitive":{"azure_files_authentication":[],"blob_properties":[],"custom_domain":[],"customer_managed_key":[],"identity":[],"immutability_policy":[],"network_rules":[],"primary_access_key":true,"primary_blob_connection_string":true,"primary_connection_string":true,"queue_properties":[],"routing":[],"sas_policy":[],"secondary_access_key":true,"secondary_blob_connection_string":true,"secondary_connection_string":true,"share_properties":[],"static_website":[]}}}],"output_changes":{"app_configuration_connection_string":{"actions":["create"],"before":null,"after_unknown":true,"before_sensitive":true,"after_sensitive":true},"app_configuration_name":{"actions":["create"],"before":null,"after":"appconfig-feature-flag-poc","after_unknown":false,"before_sensitive":false,"after_sensitive":false},"app_service_plan_name":{"actions":["create"],"before":null,"after":"asp-feature-flag-poc","after_unknown":false,"before_sensitive":false,"after_sensitive":false},"function_app_name":{"actions":["create"],"before":null,"after":"function-feature-flag-poc","after_unknown":false,"before_sensitive":false,"after_sensitive":false},"resource_group_name":{"actions":["create"],"before":null,"after":"rg-feature-flag-poc","after_unknown":false,"before_sensitive":false,"after_sensitive":false},"storage_account_name":{"actions":["create"],"before":null,"after":"saflagpoc","after_unknown":false,"before_sensitive":false,"after_sensitive":false}},"prior_state":{"format_version":"1.0","terraform_version":"1.5.7","values":{"outputs":{"app_configuration_name":{"sensitive":false,"value":"appconfig-feature-flag-poc","type":"string"},"app_service_plan_name":{"sensitive":false,"value":"asp-feature-flag-poc","type":"string"},"function_app_name":{"sensitive":false,"value":"function-feature-flag-poc","type":"string"},"resource_group_name":{"sensitive":false,"value":"rg-feature-flag-poc","type":"string"},"storage_account_name":{"sensitive":false,"value":"saflagpoc","type":"string"}},"root_module":{}}},"configuration":{"provider_config":{"azurerm":{"name":"azurerm","full_name":"registry.terraform.io/hashicorp/azurerm","version_constraint":"~\u003e 3.0","expressions":{"features":[{}]}},"random":{"name":"random","full_name":"registry.terraform.io/hashicorp/random","version_constraint":"~\u003e 3.0"}},"root_module":{"outputs":{"app_configuration_connection_string":{"sensitive":true,"expression":{"references":["azurerm_app_configuration.appconfig.primary_read_key[0].connection_string","azurerm_app_configuration.appconfig.primary_read_key[0]","azurerm_app_configuration.appconfig.primary_read_key","azurerm_app_configuration.appconfig"]}},"app_configuration_name":{"expression":{"references":["azurerm_app_configuration.appconfig.name","azurerm_app_configuration.appconfig"]}},"app_service_plan_name":{"expression":{"references":["azurerm_service_plan.asp.name","azurerm_service_plan.asp"]}},"function_app_name":{"expression":{"references":["azurerm_linux_function_app.function.name","azurerm_linux_function_app.function"]}},"resource_group_name":{"expression":{"references":["azurerm_resource_group.rg.name","azurerm_resource_group.rg"]}},"storage_account_name":{"expression":{"references":["azurerm_storage_account.sa.name","azurerm_storage_account.sa"]}}},"resources":[{"address":"azurerm_app_configuration.appconfig","mode":"managed","type":"azurerm_app_configuration","name":"appconfig","provider_config_key":"azurerm","expressions":{"location":{"references":["azurerm_resource_group.rg.location","azurerm_resource_group.rg"]},"name":{"references":["local.app_configuration_name"]},"resource_group_name":{"references":["azurerm_resource_group.rg.name","azurerm_resource_group.rg"]},"sku":{"constant_value":"standard"}},"schema_version":0},{"address":"azurerm_linux_function_app.function","mode":"managed","type":"azurerm_linux_function_app","name":"function","provider_config_key":"azurerm","expressions":{"app_settings":{"references":["azurerm_app_configuration.appconfig.primary_read_key[0].connection_string","azurerm_app_configuration.appconfig.primary_read_key[0]","azurerm_app_configuration.appconfig.primary_read_key","azurerm_app_configuration.appconfig"]},"location":{"references":["azurerm_resource_group.rg.location","azurerm_resource_group.rg"]},"name":{"references":["local.function_app_name"]},"resource_group_name":{"references":["azurerm_resource_group.rg.name","azurerm_resource_group.rg"]},"service_plan_id":{"references":["azurerm_service_plan.asp.id","azurerm_service_plan.asp"]},"site_config":[{"application_stack":[{"node_version":{"constant_value":"18"}}]}],"storage_account_access_key":{"references":["azurerm_storage_account.sa.primary_access_key","azurerm_storage_account.sa"]},"storage_account_name":{"references":["azurerm_storage_account.sa.name","azurerm_storage_account.sa"]}},"schema_version":1},{"address":"azurerm_resource_group.rg","mode":"managed","type":"azurerm_resource_group","name":"rg","provider_config_key":"azurerm","expressions":{"location":{"references":["local.location"]},"name":{"references":["local.resource_group_name"]}},"schema_version":0},{"address":"azurerm_service_plan.asp","mode":"managed","type":"azurerm_service_plan","name":"asp","provider_config_key":"azurerm","expressions":{"location":{"references":["azurerm_resource_group.rg.location","azurerm_resource_group.rg"]},"name":{"references":["local.app_service_plan_name"]},"os_type":{"constant_value":"Linux"},"resource_group_name":{"references":["azurerm_resource_group.rg.name","azurerm_resource_group.rg"]},"sku_name":{"constant_value":"EP1"}},"schema_version":1},{"address":"azurerm_storage_account.sa","mode":"managed","type":"azurerm_storage_account","name":"sa","provider_config_key":"azurerm","expressions":{"account_replication_type":{"constant_value":"LRS"},"account_tier":{"constant_value":"Standard"},"location":{"references":["azurerm_resource_group.rg.location","azurerm_resource_group.rg"]},"name":{"references":["local.storage_account_name"]},"resource_group_name":{"references":["azurerm_resource_group.rg.name","azurerm_resource_group.rg"]}},"schema_version":4}]}},"relevant_attributes":[{"resource":"azurerm_service_plan.asp","attribute":["name"]},{"resource":"azurerm_linux_function_app.function","attribute":["name"]},{"resource":"azurerm_resource_group.rg","attribute":["name"]},{"resource":"azurerm_app_configuration.appconfig","attribute":["primary_read_key",0,"connection_string"]},{"resource":"azurerm_service_plan.asp","attribute":["id"]},{"resource":"azurerm_storage_account.sa","attribute":["primary_access_key"]},{"resource":"azurerm_app_configuration.appconfig","attribute":["name"]},{"resource":"azurerm_resource_group.rg","attribute":["location"]},{"resource":"azurerm_storage_account.sa","attribute":["name"]}],"timestamp":"2024-07-07T13:25:40Z"}
